
Microsoft Visual Studio Solution File, Format Version 12.00
# Visual Studio Version 17
VisualStudioVersion = 17.8.34309.116
MinimumVisualStudioVersion = 10.0.40219.1
Project("{9A19103F-16F7-4668-BE54-9A1E7A4F7556}") = "BlazorServer.FacadePatternExample", "BlazorServer.FacadePatternExample\BlazorServer.FacadePatternExample.csproj", "{5A08A8BB-33F7-4E00-A683-491DA64EB4F8}"
EndProject
Project("{FAE04EC0-301F-11D3-BF4B-00C04F79EFBC}") = "BlazorServer.FacadePatternExample.UnitTests", "BlazorServer.FacadePatternExample.UnitTests\BlazorServer.FacadePatternExample.UnitTests.csproj", "{02693F86-0F57-4684-8A40-CA48FF65D662}"
EndProject
Global
	GlobalSection(SolutionConfigurationPlatforms) = preSolution
		Debug|Any CPU = Debug|Any CPU
		Release|Any CPU = Release|Any CPU
	EndGlobalSection
	GlobalSection(ProjectConfigurationPlatforms) = postSolution
		{5A08A8BB-33F7-4E00-A683-491DA64EB4F8}.Debug|Any CPU.ActiveCfg = Debug|Any CPU
		{5A08A8BB-33F7-4E00-A683-491DA64EB4F8}.Debug|Any CPU.Build.0 = Debug|Any CPU
		{5A08A8BB-33F7-4E00-A683-491DA64EB4F8}.Release|Any CPU.ActiveCfg = Release|Any CPU
		{5A08A8BB-33F7-4E00-A683-491DA64EB4F8}.Release|Any CPU.Build.0 = Release|Any CPU
		{02693F86-0F57-4684-8A40-CA48FF65D662}.Debug|Any CPU.ActiveCfg = Debug|Any CPU
		{02693F86-0F57-4684-8A40-CA48FF65D662}.Debug|Any CPU.Build.0 = Debug|Any CPU
		{02693F86-0F57-4684-8A40-CA48FF65D662}.Release|Any CPU.ActiveCfg = Release|Any CPU
		{02693F86-0F57-4684-8A40-CA48FF65D662}.Release|Any CPU.Build.0 = Release|Any CPU
	EndGlobalSection
	GlobalSection(SolutionProperties) = preSolution
		HideSolutionNode = FALSE
	EndGlobalSection
	GlobalSection(ExtensibilityGlobals) = postSolution
		SolutionGuid = {C2FD6D10-A1CC-40B4-8B59-2F00D267B189}
	EndGlobalSection
EndGlobal
